
Microsoft Visual Studio Solution File, Format Version 12.00
# Visual Studio 2013
VisualStudioVersion = 12.0.0.0
MinimumVisualStudioVersion = 10.0.0.1
Project("{FAE04EC0-301F-11D3-BF4B-00C04F79EFBC}") = "Shared", "Shared\Shared.csproj", "{A6DEC56E-E0C6-40D6-9B0E-30E10D6B7853}"
EndProject
Project("{FAE04EC0-301F-11D3-BF4B-00C04F79EFBC}") = "Meetup", "..\test\Meetup\Meetup.csproj", "{BFE5E787-CC56-4B81-90A8-7BBC6E8B5650}"
EndProject
Project("{2150E333-8FDC-42A3-9474-1A3956D46DE8}") = "Infrastructure", "Infrastructure", "{2DBCA569-8820-4ACD-B411-2A46A3BBA85D}"
EndProject
Project("{FAE04EC0-301F-11D3-BF4B-00C04F79EFBC}") = "Web", "Infrastructure\Web\Web.csproj", "{5813A191-07FA-4F20-A26E-C0EF04EE442D}"
EndProject
Project("{FAE04EC0-301F-11D3-BF4B-00C04F79EFBC}") = "ScheduleMeetupConsole", "Infrastructure\ScheduleMeetupConsole\ScheduleMeetupConsole.csproj", "{139CF15D-F34B-4E60-9528-72C10EB3EE24}"
EndProject
Global
	GlobalSection(SolutionConfigurationPlatforms) = preSolution
		Debug|Any CPU = Debug|Any CPU
		Release|Any CPU = Release|Any CPU
	EndGlobalSection
	GlobalSection(ProjectConfigurationPlatforms) = postSolution
		{A6DEC56E-E0C6-40D6-9B0E-30E10D6B7853}.Debug|Any CPU.ActiveCfg = Debug|Any CPU
		{A6DEC56E-E0C6-40D6-9B0E-30E10D6B7853}.Debug|Any CPU.Build.0 = Debug|Any CPU
		{A6DEC56E-E0C6-40D6-9B0E-30E10D6B7853}.Release|Any CPU.ActiveCfg = Release|Any CPU
		{A6DEC56E-E0C6-40D6-9B0E-30E10D6B7853}.Release|Any CPU.Build.0 = Release|Any CPU
		{BFE5E787-CC56-4B81-90A8-7BBC6E8B5650}.Debug|Any CPU.ActiveCfg = Debug|Any CPU
		{BFE5E787-CC56-4B81-90A8-7BBC6E8B5650}.Debug|Any CPU.Build.0 = Debug|Any CPU
		{BFE5E787-CC56-4B81-90A8-7BBC6E8B5650}.Release|Any CPU.ActiveCfg = Release|Any CPU
		{BFE5E787-CC56-4B81-90A8-7BBC6E8B5650}.Release|Any CPU.Build.0 = Release|Any CPU
		{5813A191-07FA-4F20-A26E-C0EF04EE442D}.Debug|Any CPU.ActiveCfg = Debug|Any CPU
		{5813A191-07FA-4F20-A26E-C0EF04EE442D}.Debug|Any CPU.Build.0 = Debug|Any CPU
		{5813A191-07FA-4F20-A26E-C0EF04EE442D}.Release|Any CPU.ActiveCfg = Release|Any CPU
		{5813A191-07FA-4F20-A26E-C0EF04EE442D}.Release|Any CPU.Build.0 = Release|Any CPU
		{139CF15D-F34B-4E60-9528-72C10EB3EE24}.Debug|Any CPU.ActiveCfg = Debug|Any CPU
		{139CF15D-F34B-4E60-9528-72C10EB3EE24}.Debug|Any CPU.Build.0 = Debug|Any CPU
		{139CF15D-F34B-4E60-9528-72C10EB3EE24}.Release|Any CPU.ActiveCfg = Release|Any CPU
		{139CF15D-F34B-4E60-9528-72C10EB3EE24}.Release|Any CPU.Build.0 = Release|Any CPU
	EndGlobalSection
	GlobalSection(SolutionProperties) = preSolution
		HideSolutionNode = FALSE
	EndGlobalSection
	GlobalSection(NestedProjects) = preSolution
		{5813A191-07FA-4F20-A26E-C0EF04EE442D} = {2DBCA569-8820-4ACD-B411-2A46A3BBA85D}
		{139CF15D-F34B-4E60-9528-72C10EB3EE24} = {2DBCA569-8820-4ACD-B411-2A46A3BBA85D}
	EndGlobalSection
EndGlobal
